
Microsoft Visual Studio Solution File, Format Version 12.00
# Visual Studio Version 17
VisualStudioVersion = 17.4.33213.308
MinimumVisualStudioVersion = 10.0.40219.1
Project("{FAE04EC0-301F-11D3-BF4B-00C04F79EFBC}") = "Credit.BackEnd", "Credit.BackEnd\Credit.BackEnd.csproj", "{FE49E493-1AAE-4E00-ABF1-8F8369DFD2CA}"
EndProject
Global
	GlobalSection(SolutionConfigurationPlatforms) = preSolution
		Debug|Any CPU = Debug|Any CPU
		Release|Any CPU = Release|Any CPU
	EndGlobalSection
	GlobalSection(ProjectConfigurationPlatforms) = postSolution
		{FE49E493-1AAE-4E00-ABF1-8F8369DFD2CA}.Debug|Any CPU.ActiveCfg = Debug|Any CPU
		{FE49E493-1AAE-4E00-ABF1-8F8369DFD2CA}.Debug|Any CPU.Build.0 = Debug|Any CPU
		{FE49E493-1AAE-4E00-ABF1-8F8369DFD2CA}.Release|Any CPU.ActiveCfg = Release|Any CPU
		{FE49E493-1AAE-4E00-ABF1-8F8369DFD2CA}.Release|Any CPU.Build.0 = Release|Any CPU
	EndGlobalSection
	GlobalSection(SolutionProperties) = preSolution
		HideSolutionNode = FALSE
	EndGlobalSection
	GlobalSection(ExtensibilityGlobals) = postSolution
		SolutionGuid = {45EA71BC-5BFC-4AAD-A85C-D76FAEEAA05A}
	EndGlobalSection
EndGlobal
